
Microsoft Visual Studio Solution File, Format Version 12.00
# Visual Studio 2013
VisualStudioVersion = 12.0.21005.1
MinimumVisualStudioVersion = 10.0.40219.1
Project("{FAE04EC0-301F-11D3-BF4B-00C04F79EFBC}") = "ES.UI", "ES.UI\ES.UI.csproj", "{AB1A37EF-4E8A-4300-B8BA-55F8D67DEA7F}"
EndProject
Project("{FAE04EC0-301F-11D3-BF4B-00C04F79EFBC}") = "ES.Entities", "ES.Entities\ES.Entities.csproj", "{8EF1AE45-2849-46CC-AA28-FE62F7E406B6}"
EndProject
Project("{FAE04EC0-301F-11D3-BF4B-00C04F79EFBC}") = "ES.BusinessLayer", "ES.BusinessLayer\ES.BusinessLayer.csproj", "{D5B23C64-4807-42B8-92CD-BF8814602B8B}"
EndProject
Project("{FAE04EC0-301F-11D3-BF4B-00C04F79EFBC}") = "ES.Configurations", "ES.Configurations\ES.Configurations.csproj", "{0292279F-102E-4ABC-9705-516F42884F4A}"
EndProject
Project("{FAE04EC0-301F-11D3-BF4B-00C04F79EFBC}") = "ES.Controls", "ES.Controls\ES.Controls.csproj", "{97FB1F1E-9DD9-4E56-8E9F-35B143643CC3}"
EndProject
Project("{2150E333-8FDC-42A3-9474-1A3956D46DE8}") = "ES.ExtentedUIs", "ES.ExtentedUIs", "{49B267B5-977D-459D-A120-7DB3050EEA78}"
EndProject
Project("{FAE04EC0-301F-11D3-BF4B-00C04F79EFBC}") = "Wpf.TabControl", "TabControl\Wpf.TabControl.csproj", "{509D06BD-AEB6-4E92-8E5B-21188EBDBD9C}"
EndProject
Project("{FAE04EC0-301F-11D3-BF4B-00C04F79EFBC}") = "MultiEventCommandBinder", "GridView\MultiEventCommandBinder\MultiEventCommandBinder.csproj", "{D7648C2B-512B-4B8F-8558-DF46440766F4}"
EndProject
Project("{FAE04EC0-301F-11D3-BF4B-00C04F79EFBC}") = "ImagePackage", "GridView\ImagePackage\ImagePackage.csproj", "{5A62F980-937C-43C0-AB78-8A9FB80E33D6}"
EndProject
Project("{FAE04EC0-301F-11D3-BF4B-00C04F79EFBC}") = "ExtendedGrid", "GridView\ExtendedGrid\ExtendedGrid.csproj", "{EF568126-A1D2-49CF-A2C1-1EDB8DFC3E40}"
EndProject
Global
	GlobalSection(SolutionConfigurationPlatforms) = preSolution
		CD_ROM|Any CPU = CD_ROM|Any CPU
		CD_ROM|Mixed Platforms = CD_ROM|Mixed Platforms
		CD_ROM|x86 = CD_ROM|x86
		Debug|Any CPU = Debug|Any CPU
		Debug|Mixed Platforms = Debug|Mixed Platforms
		Debug|x86 = Debug|x86
		DVD-5|Any CPU = DVD-5|Any CPU
		DVD-5|Mixed Platforms = DVD-5|Mixed Platforms
		DVD-5|x86 = DVD-5|x86
		Release|Any CPU = Release|Any CPU
		Release|Mixed Platforms = Release|Mixed Platforms
		Release|x86 = Release|x86
		SingleImage|Any CPU = SingleImage|Any CPU
		SingleImage|Mixed Platforms = SingleImage|Mixed Platforms
		SingleImage|x86 = SingleImage|x86
	EndGlobalSection
	GlobalSection(ProjectConfigurationPlatforms) = postSolution
		{AB1A37EF-4E8A-4300-B8BA-55F8D67DEA7F}.CD_ROM|Any CPU.ActiveCfg = Release|x86
		{AB1A37EF-4E8A-4300-B8BA-55F8D67DEA7F}.CD_ROM|Mixed Platforms.ActiveCfg = Release|x86
		{AB1A37EF-4E8A-4300-B8BA-55F8D67DEA7F}.CD_ROM|Mixed Platforms.Build.0 = Release|x86
		{AB1A37EF-4E8A-4300-B8BA-55F8D67DEA7F}.CD_ROM|x86.ActiveCfg = Release|x86
		{AB1A37EF-4E8A-4300-B8BA-55F8D67DEA7F}.CD_ROM|x86.Build.0 = Release|x86
		{AB1A37EF-4E8A-4300-B8BA-55F8D67DEA7F}.Debug|Any CPU.ActiveCfg = Debug|x86
		{AB1A37EF-4E8A-4300-B8BA-55F8D67DEA7F}.Debug|Mixed Platforms.ActiveCfg = Debug|x86
		{AB1A37EF-4E8A-4300-B8BA-55F8D67DEA7F}.Debug|Mixed Platforms.Build.0 = Debug|x86
		{AB1A37EF-4E8A-4300-B8BA-55F8D67DEA7F}.Debug|x86.ActiveCfg = Debug|x86
		{AB1A37EF-4E8A-4300-B8BA-55F8D67DEA7F}.Debug|x86.Build.0 = Debug|x86
		{AB1A37EF-4E8A-4300-B8BA-55F8D67DEA7F}.DVD-5|Any CPU.ActiveCfg = Debug|x86
		{AB1A37EF-4E8A-4300-B8BA-55F8D67DEA7F}.DVD-5|Mixed Platforms.ActiveCfg = Debug|x86
		{AB1A37EF-4E8A-4300-B8BA-55F8D67DEA7F}.DVD-5|Mixed Platforms.Build.0 = Debug|x86
		{AB1A37EF-4E8A-4300-B8BA-55F8D67DEA7F}.DVD-5|x86.ActiveCfg = Debug|x86
		{AB1A37EF-4E8A-4300-B8BA-55F8D67DEA7F}.DVD-5|x86.Build.0 = Debug|x86
		{AB1A37EF-4E8A-4300-B8BA-55F8D67DEA7F}.Release|Any CPU.ActiveCfg = Release|x86
		{AB1A37EF-4E8A-4300-B8BA-55F8D67DEA7F}.Release|Mixed Platforms.ActiveCfg = Release|x86
		{AB1A37EF-4E8A-4300-B8BA-55F8D67DEA7F}.Release|Mixed Platforms.Build.0 = Release|x86
		{AB1A37EF-4E8A-4300-B8BA-55F8D67DEA7F}.Release|x86.ActiveCfg = Release|x86
		{AB1A37EF-4E8A-4300-B8BA-55F8D67DEA7F}.Release|x86.Build.0 = Release|x86
		{AB1A37EF-4E8A-4300-B8BA-55F8D67DEA7F}.SingleImage|Any CPU.ActiveCfg = Release|x86
		{AB1A37EF-4E8A-4300-B8BA-55F8D67DEA7F}.SingleImage|Mixed Platforms.ActiveCfg = Release|x86
		{AB1A37EF-4E8A-4300-B8BA-55F8D67DEA7F}.SingleImage|Mixed Platforms.Build.0 = Release|x86
		{AB1A37EF-4E8A-4300-B8BA-55F8D67DEA7F}.SingleImage|x86.ActiveCfg = Release|x86
		{AB1A37EF-4E8A-4300-B8BA-55F8D67DEA7F}.SingleImage|x86.Build.0 = Release|x86
		{8EF1AE45-2849-46CC-AA28-FE62F7E406B6}.CD_ROM|Any CPU.ActiveCfg = Release|Any CPU
		{8EF1AE45-2849-46CC-AA28-FE62F7E406B6}.CD_ROM|Any CPU.Build.0 = Release|Any CPU
		{8EF1AE45-2849-46CC-AA28-FE62F7E406B6}.CD_ROM|Mixed Platforms.ActiveCfg = Release|Any CPU
		{8EF1AE45-2849-46CC-AA28-FE62F7E406B6}.CD_ROM|Mixed Platforms.Build.0 = Release|Any CPU
		{8EF1AE45-2849-46CC-AA28-FE62F7E406B6}.CD_ROM|x86.ActiveCfg = Release|Any CPU
		{8EF1AE45-2849-46CC-AA28-FE62F7E406B6}.Debug|Any CPU.ActiveCfg = Debug|Any CPU
		{8EF1AE45-2849-46CC-AA28-FE62F7E406B6}.Debug|Any CPU.Build.0 = Debug|Any CPU
		{8EF1AE45-2849-46CC-AA28-FE62F7E406B6}.Debug|Mixed Platforms.ActiveCfg = Debug|Any CPU
		{8EF1AE45-2849-46CC-AA28-FE62F7E406B6}.Debug|Mixed Platforms.Build.0 = Debug|Any CPU
		{8EF1AE45-2849-46CC-AA28-FE62F7E406B6}.Debug|x86.ActiveCfg = Debug|Any CPU
		{8EF1AE45-2849-46CC-AA28-FE62F7E406B6}.DVD-5|Any CPU.ActiveCfg = Debug|Any CPU
		{8EF1AE45-2849-46CC-AA28-FE62F7E406B6}.DVD-5|Any CPU.Build.0 = Debug|Any CPU
		{8EF1AE45-2849-46CC-AA28-FE62F7E406B6}.DVD-5|Mixed Platforms.ActiveCfg = Debug|Any CPU
		{8EF1AE45-2849-46CC-AA28-FE62F7E406B6}.DVD-5|Mixed Platforms.Build.0 = Debug|Any CPU
		{8EF1AE45-2849-46CC-AA28-FE62F7E406B6}.DVD-5|x86.ActiveCfg = Debug|Any CPU
		{8EF1AE45-2849-46CC-AA28-FE62F7E406B6}.Release|Any CPU.ActiveCfg = Release|Any CPU
		{8EF1AE45-2849-46CC-AA28-FE62F7E406B6}.Release|Any CPU.Build.0 = Release|Any CPU
		{8EF1AE45-2849-46CC-AA28-FE62F7E406B6}.Release|Mixed Platforms.ActiveCfg = Release|Any CPU
		{8EF1AE45-2849-46CC-AA28-FE62F7E406B6}.Release|Mixed Platforms.Build.0 = Release|Any CPU
		{8EF1AE45-2849-46CC-AA28-FE62F7E406B6}.Release|x86.ActiveCfg = Release|Any CPU
		{8EF1AE45-2849-46CC-AA28-FE62F7E406B6}.SingleImage|Any CPU.ActiveCfg = Release|Any CPU
		{8EF1AE45-2849-46CC-AA28-FE62F7E406B6}.SingleImage|Any CPU.Build.0 = Release|Any CPU
		{8EF1AE45-2849-46CC-AA28-FE62F7E406B6}.SingleImage|Mixed Platforms.ActiveCfg = Release|Any CPU
		{8EF1AE45-2849-46CC-AA28-FE62F7E406B6}.SingleImage|Mixed Platforms.Build.0 = Release|Any CPU
		{8EF1AE45-2849-46CC-AA28-FE62F7E406B6}.SingleImage|x86.ActiveCfg = Release|Any CPU
		{D5B23C64-4807-42B8-92CD-BF8814602B8B}.CD_ROM|Any CPU.ActiveCfg = Release|Any CPU
		{D5B23C64-4807-42B8-92CD-BF8814602B8B}.CD_ROM|Any CPU.Build.0 = Release|Any CPU
		{D5B23C64-4807-42B8-92CD-BF8814602B8B}.CD_ROM|Mixed Platforms.ActiveCfg = Release|Any CPU
		{D5B23C64-4807-42B8-92CD-BF8814602B8B}.CD_ROM|Mixed Platforms.Build.0 = Release|Any CPU
		{D5B23C64-4807-42B8-92CD-BF8814602B8B}.CD_ROM|x86.ActiveCfg = Release|Any CPU
		{D5B23C64-4807-42B8-92CD-BF8814602B8B}.Debug|Any CPU.ActiveCfg = Debug|Any CPU
		{D5B23C64-4807-42B8-92CD-BF8814602B8B}.Debug|Any CPU.Build.0 = Debug|Any CPU
		{D5B23C64-4807-42B8-92CD-BF8814602B8B}.Debug|Mixed Platforms.ActiveCfg = Debug|Any CPU
		{D5B23C64-4807-42B8-92CD-BF8814602B8B}.Debug|Mixed Platforms.Build.0 = Debug|Any CPU
		{D5B23C64-4807-42B8-92CD-BF8814602B8B}.Debug|x86.ActiveCfg = Debug|Any CPU
		{D5B23C64-4807-42B8-92CD-BF8814602B8B}.DVD-5|Any CPU.ActiveCfg = Debug|Any CPU
		{D5B23C64-4807-42B8-92CD-BF8814602B8B}.DVD-5|Any CPU.Build.0 = Debug|Any CPU
		{D5B23C64-4807-42B8-92CD-BF8814602B8B}.DVD-5|Mixed Platforms.ActiveCfg = Debug|Any CPU
		{D5B23C64-4807-42B8-92CD-BF8814602B8B}.DVD-5|Mixed Platforms.Build.0 = Debug|Any CPU
		{D5B23C64-4807-42B8-92CD-BF8814602B8B}.DVD-5|x86.ActiveCfg = Debug|Any CPU
		{D5B23C64-4807-42B8-92CD-BF8814602B8B}.Release|Any CPU.ActiveCfg = Release|Any CPU
		{D5B23C64-4807-42B8-92CD-BF8814602B8B}.Release|Any CPU.Build.0 = Release|Any CPU
		{D5B23C64-4807-42B8-92CD-BF8814602B8B}.Release|Mixed Platforms.ActiveCfg = Release|Any CPU
		{D5B23C64-4807-42B8-92CD-BF8814602B8B}.Release|Mixed Platforms.Build.0 = Release|Any CPU
		{D5B23C64-4807-42B8-92CD-BF8814602B8B}.Release|x86.ActiveCfg = Release|Any CPU
		{D5B23C64-4807-42B8-92CD-BF8814602B8B}.SingleImage|Any CPU.ActiveCfg = Release|Any CPU
		{D5B23C64-4807-42B8-92CD-BF8814602B8B}.SingleImage|Any CPU.Build.0 = Release|Any CPU
		{D5B23C64-4807-42B8-92CD-BF8814602B8B}.SingleImage|Mixed Platforms.ActiveCfg = Release|Any CPU
		{D5B23C64-4807-42B8-92CD-BF8814602B8B}.SingleImage|Mixed Platforms.Build.0 = Release|Any CPU
		{D5B23C64-4807-42B8-92CD-BF8814602B8B}.SingleImage|x86.ActiveCfg = Release|Any CPU
		{0292279F-102E-4ABC-9705-516F42884F4A}.CD_ROM|Any CPU.ActiveCfg = Release|Any CPU
		{0292279F-102E-4ABC-9705-516F42884F4A}.CD_ROM|Any CPU.Build.0 = Release|Any CPU
		{0292279F-102E-4ABC-9705-516F42884F4A}.CD_ROM|Mixed Platforms.ActiveCfg = Release|Any CPU
		{0292279F-102E-4ABC-9705-516F42884F4A}.CD_ROM|Mixed Platforms.Build.0 = Release|Any CPU
		{0292279F-102E-4ABC-9705-516F42884F4A}.CD_ROM|x86.ActiveCfg = Release|Any CPU
		{0292279F-102E-4ABC-9705-516F42884F4A}.Debug|Any CPU.ActiveCfg = Debug|Any CPU
		{0292279F-102E-4ABC-9705-516F42884F4A}.Debug|Any CPU.Build.0 = Debug|Any CPU
		{0292279F-102E-4ABC-9705-516F42884F4A}.Debug|Mixed Platforms.ActiveCfg = Debug|Any CPU
		{0292279F-102E-4ABC-9705-516F42884F4A}.Debug|Mixed Platforms.Build.0 = Debug|Any CPU
		{0292279F-102E-4ABC-9705-516F42884F4A}.Debug|x86.ActiveCfg = Debug|Any CPU
		{0292279F-102E-4ABC-9705-516F42884F4A}.DVD-5|Any CPU.ActiveCfg = Debug|Any CPU
		{0292279F-102E-4ABC-9705-516F42884F4A}.DVD-5|Any CPU.Build.0 = Debug|Any CPU
		{0292279F-102E-4ABC-9705-516F42884F4A}.DVD-5|Mixed Platforms.ActiveCfg = Debug|Any CPU
		{0292279F-102E-4ABC-9705-516F42884F4A}.DVD-5|Mixed Platforms.Build.0 = Debug|Any CPU
		{0292279F-102E-4ABC-9705-516F42884F4A}.DVD-5|x86.ActiveCfg = Debug|Any CPU
		{0292279F-102E-4ABC-9705-516F42884F4A}.Release|Any CPU.ActiveCfg = Release|Any CPU
		{0292279F-102E-4ABC-9705-516F42884F4A}.Release|Any CPU.Build.0 = Release|Any CPU
		{0292279F-102E-4ABC-9705-516F42884F4A}.Release|Mixed Platforms.ActiveCfg = Release|Any CPU
		{0292279F-102E-4ABC-9705-516F42884F4A}.Release|Mixed Platforms.Build.0 = Release|Any CPU
		{0292279F-102E-4ABC-9705-516F42884F4A}.Release|x86.ActiveCfg = Release|Any CPU
		{0292279F-102E-4ABC-9705-516F42884F4A}.SingleImage|Any CPU.ActiveCfg = Release|Any CPU
		{0292279F-102E-4ABC-9705-516F42884F4A}.SingleImage|Any CPU.Build.0 = Release|Any CPU
		{0292279F-102E-4ABC-9705-516F42884F4A}.SingleImage|Mixed Platforms.ActiveCfg = Release|Any CPU
		{0292279F-102E-4ABC-9705-516F42884F4A}.SingleImage|Mixed Platforms.Build.0 = Release|Any CPU
		{0292279F-102E-4ABC-9705-516F42884F4A}.SingleImage|x86.ActiveCfg = Release|Any CPU
		{97FB1F1E-9DD9-4E56-8E9F-35B143643CC3}.CD_ROM|Any CPU.ActiveCfg = Release|Any CPU
		{97FB1F1E-9DD9-4E56-8E9F-35B143643CC3}.CD_ROM|Any CPU.Build.0 = Release|Any CPU
		{97FB1F1E-9DD9-4E56-8E9F-35B143643CC3}.CD_ROM|Mixed Platforms.ActiveCfg = Release|Any CPU
		{97FB1F1E-9DD9-4E56-8E9F-35B143643CC3}.CD_ROM|Mixed Platforms.Build.0 = Release|Any CPU
		{97FB1F1E-9DD9-4E56-8E9F-35B143643CC3}.CD_ROM|x86.ActiveCfg = Release|Any CPU
		{97FB1F1E-9DD9-4E56-8E9F-35B143643CC3}.Debug|Any CPU.ActiveCfg = Debug|Any CPU
		{97FB1F1E-9DD9-4E56-8E9F-35B143643CC3}.Debug|Any CPU.Build.0 = Debug|Any CPU
		{97FB1F1E-9DD9-4E56-8E9F-35B143643CC3}.Debug|Mixed Platforms.ActiveCfg = Debug|Any CPU
		{97FB1F1E-9DD9-4E56-8E9F-35B143643CC3}.Debug|Mixed Platforms.Build.0 = Debug|Any CPU
		{97FB1F1E-9DD9-4E56-8E9F-35B143643CC3}.Debug|x86.ActiveCfg = Debug|Any CPU
		{97FB1F1E-9DD9-4E56-8E9F-35B143643CC3}.DVD-5|Any CPU.ActiveCfg = Debug|Any CPU
		{97FB1F1E-9DD9-4E56-8E9F-35B143643CC3}.DVD-5|Any CPU.Build.0 = Debug|Any CPU
		{97FB1F1E-9DD9-4E56-8E9F-35B143643CC3}.DVD-5|Mixed Platforms.ActiveCfg = Debug|Any CPU
		{97FB1F1E-9DD9-4E56-8E9F-35B143643CC3}.DVD-5|Mixed Platforms.Build.0 = Debug|Any CPU
		{97FB1F1E-9DD9-4E56-8E9F-35B143643CC3}.DVD-5|x86.ActiveCfg = Debug|Any CPU
		{97FB1F1E-9DD9-4E56-8E9F-35B143643CC3}.Release|Any CPU.ActiveCfg = Release|Any CPU
		{97FB1F1E-9DD9-4E56-8E9F-35B143643CC3}.Release|Any CPU.Build.0 = Release|Any CPU
		{97FB1F1E-9DD9-4E56-8E9F-35B143643CC3}.Release|Mixed Platforms.ActiveCfg = Release|Any CPU
		{97FB1F1E-9DD9-4E56-8E9F-35B143643CC3}.Release|Mixed Platforms.Build.0 = Release|Any CPU
		{97FB1F1E-9DD9-4E56-8E9F-35B143643CC3}.Release|x86.ActiveCfg = Release|Any CPU
		{97FB1F1E-9DD9-4E56-8E9F-35B143643CC3}.SingleImage|Any CPU.ActiveCfg = Release|Any CPU
		{97FB1F1E-9DD9-4E56-8E9F-35B143643CC3}.SingleImage|Any CPU.Build.0 = Release|Any CPU
		{97FB1F1E-9DD9-4E56-8E9F-35B143643CC3}.SingleImage|Mixed Platforms.ActiveCfg = Release|Any CPU
		{97FB1F1E-9DD9-4E56-8E9F-35B143643CC3}.SingleImage|Mixed Platforms.Build.0 = Release|Any CPU
		{97FB1F1E-9DD9-4E56-8E9F-35B143643CC3}.SingleImage|x86.ActiveCfg = Release|Any CPU
		{509D06BD-AEB6-4E92-8E5B-21188EBDBD9C}.CD_ROM|Any CPU.ActiveCfg = Release|Any CPU
		{509D06BD-AEB6-4E92-8E5B-21188EBDBD9C}.CD_ROM|Any CPU.Build.0 = Release|Any CPU
		{509D06BD-AEB6-4E92-8E5B-21188EBDBD9C}.CD_ROM|Mixed Platforms.ActiveCfg = Release|Any CPU
		{509D06BD-AEB6-4E92-8E5B-21188EBDBD9C}.CD_ROM|Mixed Platforms.Build.0 = Release|Any CPU
		{509D06BD-AEB6-4E92-8E5B-21188EBDBD9C}.CD_ROM|x86.ActiveCfg = Release|Any CPU
		{509D06BD-AEB6-4E92-8E5B-21188EBDBD9C}.Debug|Any CPU.ActiveCfg = Debug|Any CPU
		{509D06BD-AEB6-4E92-8E5B-21188EBDBD9C}.Debug|Any CPU.Build.0 = Debug|Any CPU
		{509D06BD-AEB6-4E92-8E5B-21188EBDBD9C}.Debug|Mixed Platforms.ActiveCfg = Debug|Any CPU
		{509D06BD-AEB6-4E92-8E5B-21188EBDBD9C}.Debug|Mixed Platforms.Build.0 = Debug|Any CPU
		{509D06BD-AEB6-4E92-8E5B-21188EBDBD9C}.Debug|x86.ActiveCfg = Debug|Any CPU
		{509D06BD-AEB6-4E92-8E5B-21188EBDBD9C}.DVD-5|Any CPU.ActiveCfg = Debug|Any CPU
		{509D06BD-AEB6-4E92-8E5B-21188EBDBD9C}.DVD-5|Any CPU.Build.0 = Debug|Any CPU
		{509D06BD-AEB6-4E92-8E5B-21188EBDBD9C}.DVD-5|Mixed Platforms.ActiveCfg = Debug|Any CPU
		{509D06BD-AEB6-4E92-8E5B-21188EBDBD9C}.DVD-5|Mixed Platforms.Build.0 = Debug|Any CPU
		{509D06BD-AEB6-4E92-8E5B-21188EBDBD9C}.DVD-5|x86.ActiveCfg = Debug|Any CPU
		{509D06BD-AEB6-4E92-8E5B-21188EBDBD9C}.Release|Any CPU.ActiveCfg = Release|Any CPU
		{509D06BD-AEB6-4E92-8E5B-21188EBDBD9C}.Release|Any CPU.Build.0 = Release|Any CPU
		{509D06BD-AEB6-4E92-8E5B-21188EBDBD9C}.Release|Mixed Platforms.ActiveCfg = Release|Any CPU
		{509D06BD-AEB6-4E92-8E5B-21188EBDBD9C}.Release|Mixed Platforms.Build.0 = Release|Any CPU
		{509D06BD-AEB6-4E92-8E5B-21188EBDBD9C}.Release|x86.ActiveCfg = Release|Any CPU
		{509D06BD-AEB6-4E92-8E5B-21188EBDBD9C}.SingleImage|Any CPU.ActiveCfg = Release|Any CPU
		{509D06BD-AEB6-4E92-8E5B-21188EBDBD9C}.SingleImage|Any CPU.Build.0 = Release|Any CPU
		{509D06BD-AEB6-4E92-8E5B-21188EBDBD9C}.SingleImage|Mixed Platforms.ActiveCfg = Release|Any CPU
		{509D06BD-AEB6-4E92-8E5B-21188EBDBD9C}.SingleImage|Mixed Platforms.Build.0 = Release|Any CPU
		{509D06BD-AEB6-4E92-8E5B-21188EBDBD9C}.SingleImage|x86.ActiveCfg = Release|Any CPU
		{D7648C2B-512B-4B8F-8558-DF46440766F4}.CD_ROM|Any CPU.ActiveCfg = Release|Any CPU
		{D7648C2B-512B-4B8F-8558-DF46440766F4}.CD_ROM|Any CPU.Build.0 = Release|Any CPU
		{D7648C2B-512B-4B8F-8558-DF46440766F4}.CD_ROM|Mixed Platforms.ActiveCfg = Release|Any CPU
		{D7648C2B-512B-4B8F-8558-DF46440766F4}.CD_ROM|Mixed Platforms.Build.0 = Release|Any CPU
		{D7648C2B-512B-4B8F-8558-DF46440766F4}.CD_ROM|x86.ActiveCfg = Release|Any CPU
		{D7648C2B-512B-4B8F-8558-DF46440766F4}.Debug|Any CPU.ActiveCfg = Debug|Any CPU
		{D7648C2B-512B-4B8F-8558-DF46440766F4}.Debug|Any CPU.Build.0 = Debug|Any CPU
		{D7648C2B-512B-4B8F-8558-DF46440766F4}.Debug|Mixed Platforms.ActiveCfg = Debug|Any CPU
		{D7648C2B-512B-4B8F-8558-DF46440766F4}.Debug|Mixed Platforms.Build.0 = Debug|Any CPU
		{D7648C2B-512B-4B8F-8558-DF46440766F4}.Debug|x86.ActiveCfg = Debug|Any CPU
		{D7648C2B-512B-4B8F-8558-DF46440766F4}.DVD-5|Any CPU.ActiveCfg = Debug|Any CPU
		{D7648C2B-512B-4B8F-8558-DF46440766F4}.DVD-5|Any CPU.Build.0 = Debug|Any CPU
		{D7648C2B-512B-4B8F-8558-DF46440766F4}.DVD-5|Mixed Platforms.ActiveCfg = Debug|Any CPU
		{D7648C2B-512B-4B8F-8558-DF46440766F4}.DVD-5|Mixed Platforms.Build.0 = Debug|Any CPU
		{D7648C2B-512B-4B8F-8558-DF46440766F4}.DVD-5|x86.ActiveCfg = Debug|Any CPU
		{D7648C2B-512B-4B8F-8558-DF46440766F4}.Release|Any CPU.ActiveCfg = Release|Any CPU
		{D7648C2B-512B-4B8F-8558-DF46440766F4}.Release|Any CPU.Build.0 = Release|Any CPU
		{D7648C2B-512B-4B8F-8558-DF46440766F4}.Release|Mixed Platforms.ActiveCfg = Release|Any CPU
		{D7648C2B-512B-4B8F-8558-DF46440766F4}.Release|Mixed Platforms.Build.0 = Release|Any CPU
		{D7648C2B-512B-4B8F-8558-DF46440766F4}.Release|x86.ActiveCfg = Release|Any CPU
		{D7648C2B-512B-4B8F-8558-DF46440766F4}.SingleImage|Any CPU.ActiveCfg = Release|Any CPU
		{D7648C2B-512B-4B8F-8558-DF46440766F4}.SingleImage|Any CPU.Build.0 = Release|Any CPU
		{D7648C2B-512B-4B8F-8558-DF46440766F4}.SingleImage|Mixed Platforms.ActiveCfg = Release|Any CPU
		{D7648C2B-512B-4B8F-8558-DF46440766F4}.SingleImage|Mixed Platforms.Build.0 = Release|Any CPU
		{D7648C2B-512B-4B8F-8558-DF46440766F4}.SingleImage|x86.ActiveCfg = Release|Any CPU
		{5A62F980-937C-43C0-AB78-8A9FB80E33D6}.CD_ROM|Any CPU.ActiveCfg = Release|x86
		{5A62F980-937C-43C0-AB78-8A9FB80E33D6}.CD_ROM|Mixed Platforms.ActiveCfg = Release|x86
		{5A62F980-937C-43C0-AB78-8A9FB80E33D6}.CD_ROM|Mixed Platforms.Build.0 = Release|x86
		{5A62F980-937C-43C0-AB78-8A9FB80E33D6}.CD_ROM|x86.ActiveCfg = Release|x86
		{5A62F980-937C-43C0-AB78-8A9FB80E33D6}.CD_ROM|x86.Build.0 = Release|x86
		{5A62F980-937C-43C0-AB78-8A9FB80E33D6}.Debug|Any CPU.ActiveCfg = Debug|x86
		{5A62F980-937C-43C0-AB78-8A9FB80E33D6}.Debug|Mixed Platforms.ActiveCfg = Debug|x86
		{5A62F980-937C-43C0-AB78-8A9FB80E33D6}.Debug|Mixed Platforms.Build.0 = Debug|x86
		{5A62F980-937C-43C0-AB78-8A9FB80E33D6}.Debug|x86.ActiveCfg = Debug|x86
		{5A62F980-937C-43C0-AB78-8A9FB80E33D6}.Debug|x86.Build.0 = Debug|x86
		{5A62F980-937C-43C0-AB78-8A9FB80E33D6}.DVD-5|Any CPU.ActiveCfg = Debug|x86
		{5A62F980-937C-43C0-AB78-8A9FB80E33D6}.DVD-5|Mixed Platforms.ActiveCfg = Debug|x86
		{5A62F980-937C-43C0-AB78-8A9FB80E33D6}.DVD-5|Mixed Platforms.Build.0 = Debug|x86
		{5A62F980-937C-43C0-AB78-8A9FB80E33D6}.DVD-5|x86.ActiveCfg = Debug|x86
		{5A62F980-937C-43C0-AB78-8A9FB80E33D6}.DVD-5|x86.Build.0 = Debug|x86
		{5A62F980-937C-43C0-AB78-8A9FB80E33D6}.Release|Any CPU.ActiveCfg = Release|x86
		{5A62F980-937C-43C0-AB78-8A9FB80E33D6}.Release|Mixed Platforms.ActiveCfg = Release|x86
		{5A62F980-937C-43C0-AB78-8A9FB80E33D6}.Release|Mixed Platforms.Build.0 = Release|x86
		{5A62F980-937C-43C0-AB78-8A9FB80E33D6}.Release|x86.ActiveCfg = Release|x86
		{5A62F980-937C-43C0-AB78-8A9FB80E33D6}.Release|x86.Build.0 = Release|x86
		{5A62F980-937C-43C0-AB78-8A9FB80E33D6}.SingleImage|Any CPU.ActiveCfg = Release|x86
		{5A62F980-937C-43C0-AB78-8A9FB80E33D6}.SingleImage|Mixed Platforms.ActiveCfg = Release|x86
		{5A62F980-937C-43C0-AB78-8A9FB80E33D6}.SingleImage|Mixed Platforms.Build.0 = Release|x86
		{5A62F980-937C-43C0-AB78-8A9FB80E33D6}.SingleImage|x86.ActiveCfg = Release|x86
		{5A62F980-937C-43C0-AB78-8A9FB80E33D6}.SingleImage|x86.Build.0 = Release|x86
		{EF568126-A1D2-49CF-A2C1-1EDB8DFC3E40}.CD_ROM|Any CPU.ActiveCfg = Release|Any CPU
		{EF568126-A1D2-49CF-A2C1-1EDB8DFC3E40}.CD_ROM|Any CPU.Build.0 = Release|Any CPU
		{EF568126-A1D2-49CF-A2C1-1EDB8DFC3E40}.CD_ROM|Mixed Platforms.ActiveCfg = Release|Any CPU
		{EF568126-A1D2-49CF-A2C1-1EDB8DFC3E40}.CD_ROM|Mixed Platforms.Build.0 = Release|Any CPU
		{EF568126-A1D2-49CF-A2C1-1EDB8DFC3E40}.CD_ROM|x86.ActiveCfg = Release|Any CPU
		{EF568126-A1D2-49CF-A2C1-1EDB8DFC3E40}.Debug|Any CPU.ActiveCfg = Debug|Any CPU
		{EF568126-A1D2-49CF-A2C1-1EDB8DFC3E40}.Debug|Any CPU.Build.0 = Debug|Any CPU
		{EF568126-A1D2-49CF-A2C1-1EDB8DFC3E40}.Debug|Mixed Platforms.ActiveCfg = Debug|Any CPU
		{EF568126-A1D2-49CF-A2C1-1EDB8DFC3E40}.Debug|Mixed Platforms.Build.0 = Debug|Any CPU
		{EF568126-A1D2-49CF-A2C1-1EDB8DFC3E40}.Debug|x86.ActiveCfg = Debug|Any CPU
		{EF568126-A1D2-49CF-A2C1-1EDB8DFC3E40}.DVD-5|Any CPU.ActiveCfg = Debug|Any CPU
		{EF568126-A1D2-49CF-A2C1-1EDB8DFC3E40}.DVD-5|Any CPU.Build.0 = Debug|Any CPU
		{EF568126-A1D2-49CF-A2C1-1EDB8DFC3E40}.DVD-5|Mixed Platforms.ActiveCfg = Debug|Any CPU
		{EF568126-A1D2-49CF-A2C1-1EDB8DFC3E40}.DVD-5|Mixed Platforms.Build.0 = Debug|Any CPU
		{EF568126-A1D2-49CF-A2C1-1EDB8DFC3E40}.DVD-5|x86.ActiveCfg = Debug|Any CPU
		{EF568126-A1D2-49CF-A2C1-1EDB8DFC3E40}.Release|Any CPU.ActiveCfg = Release|Any CPU
		{EF568126-A1D2-49CF-A2C1-1EDB8DFC3E40}.Release|Any CPU.Build.0 = Release|Any CPU
		{EF568126-A1D2-49CF-A2C1-1EDB8DFC3E40}.Release|Mixed Platforms.ActiveCfg = Release|Any CPU
		{EF568126-A1D2-49CF-A2C1-1EDB8DFC3E40}.Release|Mixed Platforms.Build.0 = Release|Any CPU
		{EF568126-A1D2-49CF-A2C1-1EDB8DFC3E40}.Release|x86.ActiveCfg = Release|Any CPU
		{EF568126-A1D2-49CF-A2C1-1EDB8DFC3E40}.SingleImage|Any CPU.ActiveCfg = Release|Any CPU
		{EF568126-A1D2-49CF-A2C1-1EDB8DFC3E40}.SingleImage|Any CPU.Build.0 = Release|Any CPU
		{EF568126-A1D2-49CF-A2C1-1EDB8DFC3E40}.SingleImage|Mixed Platforms.ActiveCfg = Release|Any CPU
		{EF568126-A1D2-49CF-A2C1-1EDB8DFC3E40}.SingleImage|Mixed Platforms.Build.0 = Release|Any CPU
		{EF568126-A1D2-49CF-A2C1-1EDB8DFC3E40}.SingleImage|x86.ActiveCfg = Release|Any CPU
	EndGlobalSection
	GlobalSection(SolutionProperties) = preSolution
		HideSolutionNode = FALSE
	EndGlobalSection
	GlobalSection(NestedProjects) = preSolution
		{509D06BD-AEB6-4E92-8E5B-21188EBDBD9C} = {49B267B5-977D-459D-A120-7DB3050EEA78}
		{D7648C2B-512B-4B8F-8558-DF46440766F4} = {49B267B5-977D-459D-A120-7DB3050EEA78}
		{5A62F980-937C-43C0-AB78-8A9FB80E33D6} = {49B267B5-977D-459D-A120-7DB3050EEA78}
		{EF568126-A1D2-49CF-A2C1-1EDB8DFC3E40} = {49B267B5-977D-459D-A120-7DB3050EEA78}
	EndGlobalSection
EndGlobal
